<?xml version="1.0" encoding="utf-8"?>
<Project ToolsVersion="4.0" xmlns="http://schemas.microsoft.com/developer/msbuild/2003">
  <ItemGroup>
    <Filter Include="Source Files">
      <UniqueIdentifier>{4FC737F1-C7A5-4376-A066-2A32D752A2FF}</UniqueIdentifier>
      <Extensions>cpp;c;cc;cxx;def;odl;idl;hpj;bat;asm;asmx</Extensions>
    </Filter>
    <Filter Include="Header Files">
      <UniqueIdentifier>{93995380-89BD-4b04-88EB-625FBE52EBFB}</UniqueIdentifier>
      <Extensions>h;hh;hpp;hxx;hm;inl;inc;xsd</Extensions>
    </Filter>
    <Filter Include="Resource Files">
      <UniqueIdentifier>{67DA6AB6-F800-4c08-8B7A-83BB121AAD01}</UniqueIdentifier>
      <Extensions>rc;ico;cur;bmp;dlg;rc2;rct;bin;rgs;gif;jpg;jpeg;jpe;resx;tiff;tif;png;wav;mfcribbon-ms</Extensions>
    </Filter>
    <Filter Include="Game State Handlers">
      <UniqueIdentifier>{a7b2ee5f-41a6-490c-a835-2bbefd06fc2c}</UniqueIdentifier>
    </Filter>
    <Filter Include="Game State Handlers\Classes">
      <UniqueIdentifier>{f55c27b9-cee4-41cf-b8e0-42eb29e41da0}</UniqueIdentifier>
    </Filter>
    <Filter Include="Game State Handlers\Source">
      <UniqueIdentifier>{4f96ec31-4c12-4934-8a7f-6cec8d096302}</UniqueIdentifier>
    </Filter>
  </ItemGroup>
  <ItemGroup>
    <ClInclude Include="..\Data\Classes\Game.h">
      <Filter>Header Files</Filter>
    </ClInclude>
    <ClInclude Include="..\Data\Classes\Entity.h">
      <Filter>Header Files</Filter>
    </ClInclude>
    <ClInclude Include="..\Data\Classes\Enums.h">
      <Filter>Header Files</Filter>
    </ClInclude>
    <ClInclude Include="..\Data\Classes\ResourceHolder.h">
      <Filter>Header Files</Filter>
    </ClInclude>
    <ClInclude Include="..\Data\Classes\Tile.h">
      <Filter>Header Files</Filter>
    </ClInclude>
    <ClInclude Include="..\Data\Classes\Map.h">
      <Filter>Header Files</Filter>
    </ClInclude>
    <ClInclude Include="..\Data\Classes\Terrain.h">
      <Filter>Header Files</Filter>
    </ClInclude>
    <ClInclude Include="..\Data\Classes\World.h">
      <Filter>Header Files</Filter>
    </ClInclude>
    <ClInclude Include="..\Data\Classes\GameState.h">
      <Filter>Game State Handlers\Classes</Filter>
    </ClInclude>
    <ClInclude Include="..\Data\Classes\GameState_GamePlay.h">
      <Filter>Game State Handlers\Classes</Filter>
    </ClInclude>
    <ClInclude Include="..\Data\Classes\GameState_MainMenu.h">
      <Filter>Game State Handlers\Classes</Filter>
    </ClInclude>
    <ClInclude Include="..\Data\Classes\GameState_Start.h">
      <Filter>Game State Handlers\Classes</Filter>
    </ClInclude>
    <ClInclude Include="..\Data\Classes\Tank.h">
      <Filter>Header Files</Filter>
    </ClInclude>
  </ItemGroup>
  <ItemGroup>
    <ClCompile Include="..\Data\Source\Game.cpp">
      <Filter>Source Files</Filter>
    </ClCompile>
    <ClCompile Include="..\Data\Source\Main.cpp">
      <Filter>Source Files</Filter>
    </ClCompile>
    <ClCompile Include="..\Data\Source\Entity.cpp">
      <Filter>Source Files</Filter>
    </ClCompile>
    <ClCompile Include="..\Data\Source\Tile.cpp">
      <Filter>Source Files</Filter>
    </ClCompile>
    <ClCompile Include="..\Data\Source\Map.cpp">
      <Filter>Source Files</Filter>
    </ClCompile>
    <ClCompile Include="..\Data\Source\Terrain.cpp">
      <Filter>Source Files</Filter>
    </ClCompile>
    <ClCompile Include="..\Data\Source\World.cpp">
      <Filter>Source Files</Filter>
    </ClCompile>
    <ClCompile Include="..\Data\Source\GameState_MainMenu.cpp">
      <Filter>Game State Handlers\Source</Filter>
    </ClCompile>
    <ClCompile Include="..\Data\Source\GameState_Start.cpp">
      <Filter>Game State Handlers\Source</Filter>
    </ClCompile>
    <ClCompile Include="..\Data\Source\GameState_GamePlay.cpp">
      <Filter>Game State Handlers\Source</Filter>
    </ClCompile>
    <ClCompile Include="..\Data\Source\Tank.cpp">
      <Filter>Source Files</Filter>
    </ClCompile>
  </ItemGroup>
</Project>