<?xml version="1.0" encoding="utf-8"?>
<Project ToolsVersion="4.0" xmlns="http://schemas.microsoft.com/developer/msbuild/2003">
  <ItemGroup>
    <Filter Include="Source Files">
      <UniqueIdentifier>{4FC737F1-C7A5-4376-A066-2A32D752A2FF}</UniqueIdentifier>
      <Extensions>cpp;c;cc;cxx;def;odl;idl;hpj;bat;asm;asmx</Extensions>
    </Filter>
    <Filter Include="Header Files">
      <UniqueIdentifier>{93995380-89BD-4b04-88EB-625FBE52EBFB}</UniqueIdentifier>
      <Extensions>h;hh;hpp;hxx;hm;inl;inc;xsd</Extensions>
    </Filter>
    <Filter Include="Resource Files">
      <UniqueIdentifier>{67DA6AB6-F800-4c08-8B7A-83BB121AAD01}</UniqueIdentifier>
      <Extensions>rc;ico;cur;bmp;dlg;rc2;rct;bin;rgs;gif;jpg;jpeg;jpe;resx;tiff;tif;png;wav;mfcribbon-ms</Extensions>
    </Filter>
    <Filter Include="Header Files\Effects">
      <UniqueIdentifier>{69985cc2-b27e-4f2b-aa62-2b8937c2cb9d}</UniqueIdentifier>
    </Filter>
    <Filter Include="Header Files\Mapping">
      <UniqueIdentifier>{fcd025db-c869-48b8-a8fe-28c6ac7f1198}</UniqueIdentifier>
    </Filter>
    <Filter Include="Header Files\GameStates">
      <UniqueIdentifier>{424be2bf-1d5b-4335-8889-e5338b5cbbad}</UniqueIdentifier>
    </Filter>
    <Filter Include="Header Files\Entities">
      <UniqueIdentifier>{78282a85-64d0-4909-8c99-ff1905239227}</UniqueIdentifier>
    </Filter>
    <Filter Include="Source Files\Effects">
      <UniqueIdentifier>{8e0260f2-093a-4045-bd50-ad8d529f360a}</UniqueIdentifier>
    </Filter>
    <Filter Include="Source Files\Mapping">
      <UniqueIdentifier>{25219bce-0785-4767-b265-8cf8aa403cbc}</UniqueIdentifier>
    </Filter>
    <Filter Include="Source Files\GameStates">
      <UniqueIdentifier>{c2d17b8f-e2f6-49d5-93a9-38c6ccfe16bc}</UniqueIdentifier>
    </Filter>
    <Filter Include="Source Files\Entities">
      <UniqueIdentifier>{b937c52f-bb02-47fa-b951-e9308ed932e8}</UniqueIdentifier>
    </Filter>
    <Filter Include="Header Files\Entities\PU">
      <UniqueIdentifier>{c43d214d-f720-46d7-8e65-28ee8ca3854f}</UniqueIdentifier>
    </Filter>
    <Filter Include="Source Files\Entities\PU">
      <UniqueIdentifier>{0b35c1f1-8759-4241-bbdc-9e474e5532a6}</UniqueIdentifier>
    </Filter>
    <Filter Include="Header Files\Entities\Projectiles">
      <UniqueIdentifier>{fdaf733b-2013-4958-97d1-853fb4f35f3a}</UniqueIdentifier>
    </Filter>
    <Filter Include="Source Files\Entities\Projectiles">
      <UniqueIdentifier>{fc30c8e2-be8d-4c99-a684-d8043da27796}</UniqueIdentifier>
    </Filter>
    <Filter Include="Source Files\Entities\AI">
      <UniqueIdentifier>{fd130420-cd73-488d-8635-220fb0eabdde}</UniqueIdentifier>
    </Filter>
    <Filter Include="Header Files\Entities\AI">
      <UniqueIdentifier>{e490aef5-5da6-40d2-b9ba-19d434412be5}</UniqueIdentifier>
    </Filter>
  </ItemGroup>
  <ItemGroup>
    <ClCompile Include="..\..\Data\Source\Game.cpp">
      <Filter>Source Files</Filter>
    </ClCompile>
    <ClCompile Include="..\..\Data\Source\Main.cpp">
      <Filter>Source Files</Filter>
    </ClCompile>
    <ClCompile Include="..\..\Data\Source\Animation.cpp">
      <Filter>Source Files\Effects</Filter>
    </ClCompile>
    <ClCompile Include="..\..\Data\Source\Collision.cpp">
      <Filter>Source Files\Mapping</Filter>
    </ClCompile>
    <ClCompile Include="..\..\Data\Source\Map.cpp">
      <Filter>Source Files\Mapping</Filter>
    </ClCompile>
    <ClCompile Include="..\..\Data\Source\GameState_GamePlay.cpp">
      <Filter>Source Files\GameStates</Filter>
    </ClCompile>
    <ClCompile Include="..\..\Data\Source\GameState_MainMenu.cpp">
      <Filter>Source Files\GameStates</Filter>
    </ClCompile>
    <ClCompile Include="..\..\Data\Source\GameState_Start.cpp">
      <Filter>Source Files\GameStates</Filter>
    </ClCompile>
    <ClCompile Include="..\..\Data\Source\Entity.cpp">
      <Filter>Source Files\Entities</Filter>
    </ClCompile>
    <ClCompile Include="..\..\Data\Source\Player.cpp">
      <Filter>Source Files\Entities</Filter>
    </ClCompile>
    <ClCompile Include="..\..\Data\Source\Tank.cpp">
      <Filter>Source Files\Entities</Filter>
    </ClCompile>
    <ClCompile Include="..\..\Data\Source\Obstacle.cpp">
      <Filter>Source Files\Entities</Filter>
    </ClCompile>
    <ClCompile Include="..\..\Data\Source\Button.cpp">
      <Filter>Source Files\GameStates</Filter>
    </ClCompile>
    <ClCompile Include="..\..\Data\Source\VectorUtility.cpp">
      <Filter>Source Files</Filter>
    </ClCompile>
    <ClCompile Include="..\..\Data\Source\PU_AttackSpeed.cpp">
      <Filter>Source Files\Entities\PU</Filter>
    </ClCompile>
    <ClCompile Include="..\..\Data\Source\PowerUp.cpp">
      <Filter>Source Files\Entities\PU</Filter>
    </ClCompile>
    <ClCompile Include="..\..\Data\Source\PU_Speed.cpp">
      <Filter>Source Files\Entities\PU</Filter>
    </ClCompile>
    <ClCompile Include="..\..\Data\Source\Projectile.cpp">
      <Filter>Source Files\Entities\Projectiles</Filter>
    </ClCompile>
    <ClCompile Include="..\..\Data\Source\AI_Easy.cpp">
      <Filter>Source Files\Entities\AI</Filter>
    </ClCompile>
    <ClCompile Include="..\..\Data\Source\AI.cpp">
      <Filter>Source Files\Entities\AI</Filter>
    </ClCompile>
    <ClCompile Include="..\..\Data\Source\AI_Hard.cpp">
      <Filter>Source Files\Entities\AI</Filter>
    </ClCompile>
    <ClCompile Include="..\..\Data\Source\AI_Medium.cpp">
      <Filter>Source Files\Entities\AI</Filter>
    </ClCompile>
    <ClCompile Include="..\..\Data\Source\basic_bullet.cpp">
      <Filter>Source Files\Entities\Projectiles</Filter>
    </ClCompile>
    <ClCompile Include="..\..\Data\Source\Missile.cpp">
      <Filter>Source Files\Entities\Projectiles</Filter>
    </ClCompile>
  </ItemGroup>
  <ItemGroup>
    <ClInclude Include="..\..\Data\Classes\Enums.h">
      <Filter>Header Files</Filter>
    </ClInclude>
    <ClInclude Include="..\..\Data\Classes\Game.h">
      <Filter>Header Files</Filter>
    </ClInclude>
    <ClInclude Include="..\..\Data\Classes\ResourceHolder.h">
      <Filter>Header Files</Filter>
    </ClInclude>
    <ClInclude Include="..\..\Data\Classes\Animation.h">
      <Filter>Header Files\Effects</Filter>
    </ClInclude>
    <ClInclude Include="..\..\Data\Classes\Collision.h">
      <Filter>Header Files\Mapping</Filter>
    </ClInclude>
    <ClInclude Include="..\..\Data\Classes\Map.h">
      <Filter>Header Files\Mapping</Filter>
    </ClInclude>
    <ClInclude Include="..\..\Data\Classes\GameState.h">
      <Filter>Header Files\GameStates</Filter>
    </ClInclude>
    <ClInclude Include="..\..\Data\Classes\GameState_GamePlay.h">
      <Filter>Header Files\GameStates</Filter>
    </ClInclude>
    <ClInclude Include="..\..\Data\Classes\GameState_MainMenu.h">
      <Filter>Header Files\GameStates</Filter>
    </ClInclude>
    <ClInclude Include="..\..\Data\Classes\GameState_Start.h">
      <Filter>Header Files\GameStates</Filter>
    </ClInclude>
    <ClInclude Include="..\..\Data\Classes\Entity.h">
      <Filter>Header Files\Entities</Filter>
    </ClInclude>
    <ClInclude Include="..\..\Data\Classes\Player.h">
      <Filter>Header Files\Entities</Filter>
    </ClInclude>
    <ClInclude Include="..\..\Data\Classes\Tank.h">
      <Filter>Header Files\Entities</Filter>
    </ClInclude>
    <ClInclude Include="..\..\Data\Classes\Obstacle.h">
      <Filter>Header Files\Entities</Filter>
    </ClInclude>
    <ClInclude Include="..\..\Data\Classes\Button.h">
      <Filter>Header Files\GameStates</Filter>
    </ClInclude>
    <ClInclude Include="..\..\Data\Classes\VectorUtility.h">
      <Filter>Header Files</Filter>
    </ClInclude>
    <ClInclude Include="..\..\Data\Classes\PU_AttackSpeed.h">
      <Filter>Header Files\Entities\PU</Filter>
    </ClInclude>
    <ClInclude Include="..\..\Data\Classes\PowerUp.h">
      <Filter>Header Files\Entities\PU</Filter>
    </ClInclude>
    <ClInclude Include="..\..\Data\Classes\PU_Speed.h">
      <Filter>Header Files\Entities\PU</Filter>
    </ClInclude>
    <ClInclude Include="..\..\Data\Classes\Projectile.h">
      <Filter>Header Files\Entities\Projectiles</Filter>
    </ClInclude>
    <ClInclude Include="..\..\Data\Classes\AI.h">
      <Filter>Header Files\Entities\AI</Filter>
    </ClInclude>
    <ClInclude Include="..\..\Data\Classes\AI_Easy.h">
      <Filter>Header Files\Entities\AI</Filter>
    </ClInclude>
    <ClInclude Include="..\..\Data\Classes\AI_Medium.h">
      <Filter>Header Files\Entities\AI</Filter>
    </ClInclude>
    <ClInclude Include="..\..\Data\Classes\AI_Hard.h">
      <Filter>Header Files\Entities\AI</Filter>
    </ClInclude>
    <ClInclude Include="..\..\Data\Classes\basic_bullet.h">
      <Filter>Header Files\Entities\Projectiles</Filter>
    </ClInclude>
    <ClInclude Include="..\..\Data\Classes\Missile.h">
      <Filter>Header Files\Entities\Projectiles</Filter>
    </ClInclude>
  </ItemGroup>
</Project>